
Microsoft Visual Studio Solution File, Format Version 12.00
# Visual Studio Version 18
VisualStudioVersion = 18.2.11408.102
MinimumVisualStudioVersion = 10.0.40219.1
Project("{FAE04EC0-301F-11D3-BF4B-00C04F79EFBC}") = "Goodtocode.SecuredHttpClient", "Goodtocode.SecuredHttpClient\Goodtocode.SecuredHttpClient.csproj", "{4F2AD56D-62BF-1C42-0C6F-22AE4733548A}"
EndProject
Project("{FAE04EC0-301F-11D3-BF4B-00C04F79EFBC}") = "Goodtocode.SecuredHttpClient.Tests", "Goodtocode.SecuredHttpClient.Tests\Goodtocode.SecuredHttpClient.Tests.csproj", "{2A43908F-DBB8-E141-D211-E209FBE16CA6}"
EndProject
Global
	GlobalSection(SolutionConfigurationPlatforms) = preSolution
		Debug|Any CPU = Debug|Any CPU
		Release|Any CPU = Release|Any CPU
	EndGlobalSection
	GlobalSection(ProjectConfigurationPlatforms) = postSolution
		{4F2AD56D-62BF-1C42-0C6F-22AE4733548A}.Debug|Any CPU.ActiveCfg = Debug|Any CPU
		{4F2AD56D-62BF-1C42-0C6F-22AE4733548A}.Debug|Any CPU.Build.0 = Debug|Any CPU
		{4F2AD56D-62BF-1C42-0C6F-22AE4733548A}.Release|Any CPU.ActiveCfg = Release|Any CPU
		{4F2AD56D-62BF-1C42-0C6F-22AE4733548A}.Release|Any CPU.Build.0 = Release|Any CPU
		{2A43908F-DBB8-E141-D211-E209FBE16CA6}.Debug|Any CPU.ActiveCfg = Debug|Any CPU
		{2A43908F-DBB8-E141-D211-E209FBE16CA6}.Debug|Any CPU.Build.0 = Debug|Any CPU
		{2A43908F-DBB8-E141-D211-E209FBE16CA6}.Release|Any CPU.ActiveCfg = Release|Any CPU
		{2A43908F-DBB8-E141-D211-E209FBE16CA6}.Release|Any CPU.Build.0 = Release|Any CPU
	EndGlobalSection
	GlobalSection(SolutionProperties) = preSolution
		HideSolutionNode = FALSE
	EndGlobalSection
	GlobalSection(ExtensibilityGlobals) = postSolution
		SolutionGuid = {394AC88B-6897-416E-B92F-1D370A044F06}
	EndGlobalSection
EndGlobal
